# THIS IS AN AUTOGENERATED FILE. DO NOT EDIT THIS FILE DIRECTLY.
# yarn lockfile v1


amdefine@>=0.0.4:
  version "1.0.1"
  resolved "https://registry.yarnpkg.com/amdefine/-/amdefine-1.0.1.tgz#4a5282ac164729e93619bcfd3ad151f817ce91f5"
  integrity sha512-S2Hw0TtNkMJhIabBwIojKL9YHO5T0n5eNqWJ7Lrlel/zDbftQpxpapi8tZs3X1HWa+u+QeydGmzzNU0m09+Rcg==

detective@3.1.0:
  version "3.1.0"
  resolved "https://registry.yarnpkg.com/detective/-/detective-3.1.0.tgz#77782444ab752b88ca1be2e9d0a0395f1da25eed"
  integrity sha512-BIvQHuiVSRMufK1OnlpeAzVqF2yXD75ZzYIx8XV4VQiJ48chF/MMYAdsz/NkulhZznwb4fAX8vyi5CUc24I2BA==
  dependencies:
    escodegen "~1.1.0"
    esprima-fb "3001.1.0-dev-harmony-fb"

dotenv@^16.0.1:
  version "16.0.1"
  resolved "https://registry.yarnpkg.com/dotenv/-/dotenv-16.0.1.tgz#8f8f9d94876c35dac989876a5d3a82a267fdce1d"
  integrity sha512-1K6hR6wtk2FviQ4kEiSjFiH5rpzEVi8WW0x96aztHVMhEspNpc4DVOUTEHtEva5VThQ8IaBX1Pe4gSzpVVUsKQ==

escodegen@~1.1.0:
  version "1.1.0"
  resolved "https://registry.yarnpkg.com/escodegen/-/escodegen-1.1.0.tgz#c663923f6e20aad48d0c0fa49f31c6d4f49360cf"
  integrity sha512-md+WjA8K+DJELEYe0n4XAOE0XbUYfw2rzb8T+nhZ19OnQxlh+0jMLS6d+z2oqWugIh3uYKu1+KJh6QKeoogLzg==
  dependencies:
    esprima "~1.0.4"
    estraverse "~1.5.0"
    esutils "~1.0.0"
  optionalDependencies:
    source-map "~0.1.30"

esprima-fb@3001.1.0-dev-harmony-fb:
  version "3001.1.0-dev-harmony-fb"
  resolved "https://registry.yarnpkg.com/esprima-fb/-/esprima-fb-3001.0001.0000-dev-harmony-fb.tgz#b77d37abcd38ea0b77426bb8bc2922ce6b426411"
  integrity sha512-a3RFiCVBiy8KdO6q/C+8BQiP/sRk8XshBU3QHHDP8tNzjYwR3FKBOImu+PXfVhPoZL0JKtJLBAOWlDMCCFY8SQ==

esprima@~1.0.4:
  version "1.0.4"
  resolved "https://registry.yarnpkg.com/esprima/-/esprima-1.0.4.tgz#9f557e08fc3b4d26ece9dd34f8fbf476b62585ad"
  integrity sha512-rp5dMKN8zEs9dfi9g0X1ClLmV//WRyk/R15mppFNICIFRG5P92VP7Z04p8pk++gABo9W2tY+kHyu6P1mEHgmTA==

estraverse@~1.5.0:
  version "1.5.1"
  resolved "https://registry.yarnpkg.com/estraverse/-/estraverse-1.5.1.tgz#867a3e8e58a9f84618afb6c2ddbcd916b7cbaf71"
  integrity sha512-FpCjJDfmo3vsc/1zKSeqR5k42tcIhxFIlvq+h9j0fO2q/h2uLKyweq7rYJ+0CoVvrGQOxIS5wyBrW/+vF58BUQ==

esutils@~1.0.0:
  version "1.0.0"
  resolved "https://registry.yarnpkg.com/esutils/-/esutils-1.0.0.tgz#8151d358e20c8acc7fb745e7472c0025fe496570"
  integrity sha512-x/iYH53X3quDwfHRz4y8rn4XcEwwCJeWsul9pF1zldMbGtgOtMNBEOuYWwB1EQlK2LRa1fev3YAgym/RElp5Cg==

required@^1.0.0:
  version "1.0.0"
  resolved "https://registry.yarnpkg.com/required/-/required-1.0.0.tgz#a43bb3ab141a04e5e544c9ee4ae8a7b78ae7d2fd"
  integrity sha512-v2kFX/bk9DWjdAfLGaluPhZCFEVRn/DOKdI6nJneztsel1UghZOxP+8fw1GYkWN8ol0flUJDB6qy1NNkGiOH1Q==
  dependencies:
    detective "3.1.0"

source-map@~0.1.30:
  version "0.1.43"
  resolved "https://registry.yarnpkg.com/source-map/-/source-map-0.1.43.tgz#c24bc146ca517c1471f5dacbe2571b2b7f9e3346"
  integrity sha512-VtCvB9SIQhk3aF6h+N85EaqIaBFIAfZ9Cu+NJHHVvc8BbEcnvDcFw6sqQ2dQrT6SlOrZq3tIvyD9+EGq/lJryQ==
  dependencies:
    amdefine ">=0.0.4"
